
Microsoft Visual Studio Solution File, Format Version 12.00
# Visual Studio Version 17
VisualStudioVersion = 17.0.31903.59
MinimumVisualStudioVersion = 10.0.40219.1
Project("{2150E333-8FDC-42A3-9474-1A3956D46DE8}") = "src", "src", "{3BDD11ED-1B05-4695-8D70-81701A1D77A0}"
EndProject
Project("{FAE04EC0-301F-11D3-BF4B-00C04F79EFBC}") = "Ecr.Browser", "src\Ecr.Browser\Ecr.Browser.csproj", "{DE0359E6-9149-43C9-85DA-0001A0E6AC1E}"
EndProject
Project("{FAE04EC0-301F-11D3-BF4B-00C04F79EFBC}") = "Ecr.Browser.Blazor", "src\Ecr.Browser.Blazor\Ecr.Browser.Blazor.csproj", "{BEE17DDE-70D1-42A7-B575-27A18CFC599A}"
EndProject
Global
	GlobalSection(SolutionConfigurationPlatforms) = preSolution
		Debug|Any CPU = Debug|Any CPU
		Release|Any CPU = Release|Any CPU
	EndGlobalSection
	GlobalSection(SolutionProperties) = preSolution
		HideSolutionNode = FALSE
	EndGlobalSection
	GlobalSection(ProjectConfigurationPlatforms) = postSolution
		{DE0359E6-9149-43C9-85DA-0001A0E6AC1E}.Debug|Any CPU.ActiveCfg = Debug|Any CPU
		{DE0359E6-9149-43C9-85DA-0001A0E6AC1E}.Debug|Any CPU.Build.0 = Debug|Any CPU
		{DE0359E6-9149-43C9-85DA-0001A0E6AC1E}.Release|Any CPU.ActiveCfg = Release|Any CPU
		{DE0359E6-9149-43C9-85DA-0001A0E6AC1E}.Release|Any CPU.Build.0 = Release|Any CPU
		{BEE17DDE-70D1-42A7-B575-27A18CFC599A}.Debug|Any CPU.ActiveCfg = Debug|Any CPU
		{BEE17DDE-70D1-42A7-B575-27A18CFC599A}.Debug|Any CPU.Build.0 = Debug|Any CPU
		{BEE17DDE-70D1-42A7-B575-27A18CFC599A}.Release|Any CPU.ActiveCfg = Release|Any CPU
		{BEE17DDE-70D1-42A7-B575-27A18CFC599A}.Release|Any CPU.Build.0 = Release|Any CPU
	EndGlobalSection
	GlobalSection(NestedProjects) = preSolution
		{DE0359E6-9149-43C9-85DA-0001A0E6AC1E} = {3BDD11ED-1B05-4695-8D70-81701A1D77A0}
		{BEE17DDE-70D1-42A7-B575-27A18CFC599A} = {3BDD11ED-1B05-4695-8D70-81701A1D77A0}
	EndGlobalSection
EndGlobal
